{
  "version": 4,
  "terraform_version": "1.13.3",
  "serial": 15,
  "lineage": "ca814aff-9e4f-bcc4-bccb-d7508fecf178",
  "outputs": {},
  "resources": [
    {
      "mode": "managed",
      "type": "google_cloudfunctions2_function",
      "name": "list_vms_function",
      "provider": "provider[\"registry.terraform.io/hashicorp/google\"]",
      "instances": [
        {
          "schema_version": 0,
          "attributes": {
            "build_config": [
              {
                "automatic_update_policy": [
                  {}
                ],
                "build": "projects/750736525761/locations/us-central1/builds/bb9bf4a6-d9a0-4d1e-8841-b7bb54f9cdba",
                "docker_repository": "projects/lionspace-spoke-prod/locations/us-central1/repositories/gcf-artifacts",
                "entry_point": "listVMs",
                "environment_variables": {},
                "on_deploy_update_policy": [],
                "runtime": "nodejs18",
                "service_account": "projects/lionspace-spoke-prod/serviceAccounts/750736525761-compute@developer.gserviceaccount.com",
                "source": [
                  {
                    "repo_source": [],
                    "storage_source": [
                      {
                        "bucket": "lionspace-spoke-prod-function-source",
                        "generation": 1759279907531084,
                        "object": "source.zip"
                      }
                    ]
                  }
                ],
                "worker_pool": ""
              }
            ],
            "description": "",
            "effective_labels": {
              "goog-terraform-provisioned": "true"
            },
            "environment": "GEN_2",
            "event_trigger": [],
            "id": "projects/lionspace-spoke-prod/locations/us-central1/functions/list-vms-function",
            "kms_key_name": "",
            "labels": null,
            "location": "us-central1",
            "name": "list-vms-function",
            "project": "lionspace-spoke-prod",
            "service_config": [
              {
                "all_traffic_on_latest_revision": true,
                "available_cpu": "0.1666",
                "available_memory": "256M",
                "binary_authorization_policy": "",
                "environment_variables": {
                  "LOG_EXECUTION_ID": "true"
                },
                "gcf_uri": "",
                "ingress_settings": "ALLOW_INTERNAL_ONLY",
                "max_instance_count": 1,
                "max_instance_request_concurrency": 1,
                "min_instance_count": 0,
                "secret_environment_variables": [],
                "secret_volumes": [],
                "service": "projects/lionspace-spoke-prod/locations/us-central1/services/list-vms-function",
                "service_account_email": "750736525761-compute@developer.gserviceaccount.com",
                "timeout_seconds": 60,
                "uri": "https://list-vms-function-4t3zpqjwkq-uc.a.run.app",
                "vpc_connector": "",
                "vpc_connector_egress_settings": ""
              }
            ],
            "state": "ACTIVE",
            "terraform_labels": {
              "goog-terraform-provisioned": "true"
            },
            "timeouts": null,
            "update_time": "2025-10-01T00:54:16.316764258Z",
            "url": "https://us-central1-lionspace-spoke-prod.cloudfunctions.net/list-vms-function"
          },
          "sensitive_attributes": [],
          "identity_schema_version": 0,
          "private": "eyJlMmJmYjczMC1lY2FhLTExZTYtOGY4OC0zNDM2M2JjN2M0YzAiOnsiY3JlYXRlIjozNjAwMDAwMDAwMDAwLCJkZWxldGUiOjM2MDAwMDAwMDAwMDAsInVwZGF0ZSI6MzYwMDAwMDAwMDAwMH19",
          "dependencies": [
            "google_storage_bucket.function_source_bucket",
            "google_storage_bucket_object.archive"
          ]
        }
      ]
    },
    {
      "mode": "managed",
      "type": "google_network_connectivity_spoke",
      "name": "spoke_connection",
      "provider": "provider[\"registry.terraform.io/hashicorp/google\"]",
      "instances": [
        {
          "schema_version": 0,
          "attributes": {
            "create_time": "2025-10-01T00:30:13.847926154Z",
            "description": "",
            "effective_labels": {
              "goog-terraform-provisioned": "true"
            },
            "group": "projects/lionspace/locations/global/hubs/main-control-hub/groups/default",
            "hub": "projects/lionspace/locations/global/hubs/main-control-hub",
            "id": "projects/lionspace-spoke-prod/locations/global/spokes/lionspace-spoke-prod-spoke",
            "labels": {},
            "linked_interconnect_attachments": [],
            "linked_producer_vpc_network": [],
            "linked_router_appliance_instances": [],
            "linked_vpc_network": [
              {
                "exclude_export_ranges": [],
                "include_export_ranges": [],
                "uri": "https://www.googleapis.com/compute/v1/projects/lionspace-spoke-prod/global/networks/default"
              }
            ],
            "linked_vpn_tunnels": [],
            "location": "global",
            "name": "projects/lionspace-spoke-prod/locations/global/spokes/lionspace-spoke-prod-spoke",
            "project": "lionspace-spoke-prod",
            "reasons": [
              {
                "code": "PENDING_REVIEW",
                "message": "Spoke is Pending Review",
                "user_details": ""
              }
            ],
            "state": "INACTIVE",
            "terraform_labels": {
              "goog-terraform-provisioned": "true"
            },
            "timeouts": null,
            "unique_id": "958eec64-3975-4c47-8ba0-255a51db65cf",
            "update_time": "2025-10-01T00:30:26.448912539Z"
          },
          "sensitive_attributes": [],
          "identity_schema_version": 0,
          "private": "eyJlMmJmYjczMC1lY2FhLTExZTYtOGY4OC0zNDM2M2JjN2M0YzAiOnsiY3JlYXRlIjoxMjAwMDAwMDAwMDAwLCJkZWxldGUiOjEyMDAwMDAwMDAwMDAsInVwZGF0ZSI6MTIwMDAwMDAwMDAwMH19"
        }
      ]
    },
    {
      "mode": "managed",
      "type": "google_storage_bucket",
      "name": "function_source_bucket",
      "provider": "provider[\"registry.terraform.io/hashicorp/google\"]",
      "instances": [
        {
          "schema_version": 4,
          "attributes": {
            "autoclass": [],
            "cors": [],
            "custom_placement_config": [],
            "default_event_based_hold": false,
            "effective_labels": {
              "goog-terraform-provisioned": "true"
            },
            "enable_object_retention": false,
            "encryption": [],
            "force_destroy": true,
            "hierarchical_namespace": [
              {
                "enabled": false
              }
            ],
            "id": "lionspace-spoke-prod-function-source",
            "ip_filter": [],
            "labels": {},
            "lifecycle_rule": [],
            "location": "US-CENTRAL1",
            "logging": [],
            "name": "lionspace-spoke-prod-function-source",
            "project": "lionspace-spoke-prod",
            "project_number": 750736525761,
            "public_access_prevention": "inherited",
            "requester_pays": false,
            "retention_policy": [],
            "rpo": null,
            "self_link": "https://www.googleapis.com/storage/v1/b/lionspace-spoke-prod-function-source",
            "soft_delete_policy": [
              {
                "effective_time": "2025-10-01T00:31:06.101Z",
                "retention_duration_seconds": 604800
              }
            ],
            "storage_class": "STANDARD",
            "terraform_labels": {
              "goog-terraform-provisioned": "true"
            },
            "time_created": "2025-10-01T00:31:06.101Z",
            "timeouts": null,
            "uniform_bucket_level_access": true,
            "updated": "2025-10-01T00:31:06.101Z",
            "url": "gs://lionspace-spoke-prod-function-source",
            "versioning": [],
            "website": []
          },
          "sensitive_attributes": [],
          "identity_schema_version": 0,
          "private": "eyJlMmJmYjczMC1lY2FhLTExZTYtOGY4OC0zNDM2M2JjN2M0YzAiOnsiY3JlYXRlIjo2MDAwMDAwMDAwMDAsInJlYWQiOjI0MDAwMDAwMDAwMCwidXBkYXRlIjoyNDAwMDAwMDAwMDB9LCJzY2hlbWFfdmVyc2lvbiI6IjQifQ=="
        }
      ]
    },
    {
      "mode": "managed",
      "type": "google_storage_bucket_object",
      "name": "archive",
      "provider": "provider[\"registry.terraform.io/hashicorp/google\"]",
      "instances": [
        {
          "schema_version": 0,
          "attributes": {
            "bucket": "lionspace-spoke-prod-function-source",
            "cache_control": "",
            "content": null,
            "content_disposition": "",
            "content_encoding": "",
            "content_language": "",
            "content_type": "application/zip",
            "crc32c": "zKP8AA==",
            "customer_encryption": [],
            "deletion_policy": null,
            "detect_md5hash": "h2f3XUWMdUGJfhgMG+2q8g==",
            "event_based_hold": false,
            "force_empty_content_type": null,
            "generation": 1759278672948243,
            "id": "lionspace-spoke-prod-function-source-source.zip",
            "kms_key_name": "",
            "md5hash": "h2f3XUWMdUGJfhgMG+2q8g==",
            "md5hexhash": "8767f75d458c7541897e180c1bedaaf2",
            "media_link": "https://storage.googleapis.com/download/storage/v1/b/lionspace-spoke-prod-function-source/o/source.zip?generation=1759278672948243\u0026alt=media",
            "metadata": {},
            "name": "source.zip",
            "output_name": "source.zip",
            "retention": [],
            "self_link": "https://www.googleapis.com/storage/v1/b/lionspace-spoke-prod-function-source/o/source.zip",
            "source": "../../functions/list-vms/source.zip",
            "source_md5hash": "",
            "storage_class": "STANDARD",
            "temporary_hold": false,
            "timeouts": null
          },
          "sensitive_attributes": [
            [
              {
                "type": "get_attr",
                "value": "content"
              }
            ]
          ],
          "identity_schema_version": 0,
          "private": "eyJlMmJmYjczMC1lY2FhLTExZTYtOGY4OC0zNDM2M2JjN2M0YzAiOnsiY3JlYXRlIjoyNDAwMDAwMDAwMDAsImRlbGV0ZSI6MjQwMDAwMDAwMDAwLCJ1cGRhdGUiOjI0MDAwMDAwMDAwMH19",
          "dependencies": [
            "google_storage_bucket.function_source_bucket"
          ]
        }
      ]
    }
  ],
  "check_results": null
}
